
Microsoft Visual Studio Solution File, Format Version 12.00
# Visual Studio 14
VisualStudioVersion = 14.0.25420.1
MinimumVisualStudioVersion = 10.0.40219.1
Project("{FAE04EC0-301F-11D3-BF4B-00C04F79EFBC}") = "Features", "Features\Features.csproj", "{DD6BD933-302A-4A76-B143-AFB9DB9436C7}"
EndProject
Project("{FAE04EC0-301F-11D3-BF4B-00C04F79EFBC}") = "Introduction", "Introduction\Introduction.csproj", "{CE9FD18E-4BF8-495C-83C8-E96ECF866016}"
EndProject
Project("{FAE04EC0-301F-11D3-BF4B-00C04F79EFBC}") = "Queries", "Queries\Queries.csproj", "{2B94E231-28F9-4999-B307-0341CF6EA733}"
EndProject
Project("{FAE04EC0-301F-11D3-BF4B-00C04F79EFBC}") = "Cars", "Cars\Cars.csproj", "{A09A959E-4702-49D2-BE91-8B537B110CD0}"
EndProject
Global
	GlobalSection(SolutionConfigurationPlatforms) = preSolution
		Debug|Any CPU = Debug|Any CPU
		Release|Any CPU = Release|Any CPU
	EndGlobalSection
	GlobalSection(ProjectConfigurationPlatforms) = postSolution
		{DD6BD933-302A-4A76-B143-AFB9DB9436C7}.Debug|Any CPU.ActiveCfg = Debug|Any CPU
		{DD6BD933-302A-4A76-B143-AFB9DB9436C7}.Debug|Any CPU.Build.0 = Debug|Any CPU
		{DD6BD933-302A-4A76-B143-AFB9DB9436C7}.Release|Any CPU.ActiveCfg = Release|Any CPU
		{DD6BD933-302A-4A76-B143-AFB9DB9436C7}.Release|Any CPU.Build.0 = Release|Any CPU
		{CE9FD18E-4BF8-495C-83C8-E96ECF866016}.Debug|Any CPU.ActiveCfg = Debug|Any CPU
		{CE9FD18E-4BF8-495C-83C8-E96ECF866016}.Debug|Any CPU.Build.0 = Debug|Any CPU
		{CE9FD18E-4BF8-495C-83C8-E96ECF866016}.Release|Any CPU.ActiveCfg = Release|Any CPU
		{CE9FD18E-4BF8-495C-83C8-E96ECF866016}.Release|Any CPU.Build.0 = Release|Any CPU
		{2B94E231-28F9-4999-B307-0341CF6EA733}.Debug|Any CPU.ActiveCfg = Debug|Any CPU
		{2B94E231-28F9-4999-B307-0341CF6EA733}.Debug|Any CPU.Build.0 = Debug|Any CPU
		{2B94E231-28F9-4999-B307-0341CF6EA733}.Release|Any CPU.ActiveCfg = Release|Any CPU
		{2B94E231-28F9-4999-B307-0341CF6EA733}.Release|Any CPU.Build.0 = Release|Any CPU
		{A09A959E-4702-49D2-BE91-8B537B110CD0}.Debug|Any CPU.ActiveCfg = Debug|Any CPU
		{A09A959E-4702-49D2-BE91-8B537B110CD0}.Debug|Any CPU.Build.0 = Debug|Any CPU
		{A09A959E-4702-49D2-BE91-8B537B110CD0}.Release|Any CPU.ActiveCfg = Release|Any CPU
		{A09A959E-4702-49D2-BE91-8B537B110CD0}.Release|Any CPU.Build.0 = Release|Any CPU
	EndGlobalSection
	GlobalSection(SolutionProperties) = preSolution
		HideSolutionNode = FALSE
	EndGlobalSection
EndGlobal
